﻿
Microsoft Visual Studio Solution File, Format Version 12.00
# Visual Studio Version 17
VisualStudioVersion = 17.8.34330.188
MinimumVisualStudioVersion = 10.0.40219.1
Project("{2150E333-8FDC-42A3-9474-1A3956D46DE8}") = "Core", "Core", "{606C84EC-86DB-459D-B431-32BC13966E9B}"
EndProject
Project("{2150E333-8FDC-42A3-9474-1A3956D46DE8}") = "External", "External", "{BB9106F2-EB65-44DC-B425-39245C1F8118}"
EndProject
Project("{2150E333-8FDC-42A3-9474-1A3956D46DE8}") = "Presentation", "Presentation", "{D0137497-4B8E-4642-BAB5-AAC6F1398760}"
EndProject
Project("{2150E333-8FDC-42A3-9474-1A3956D46DE8}") = "Infrastructure", "Infrastructure", "{6D7DCF6C-FD32-4977-9F55-0C69FAF9BA4A}"
EndProject
Project("{9A19103F-16F7-4668-BE54-9A1E7A4F7556}") = "Persistence", "Persistence\Persistence.csproj", "{16B77BD9-2B16-4BCF-B244-87C7AF51ED8A}"
EndProject
Project("{9A19103F-16F7-4668-BE54-9A1E7A4F7556}") = "Domain", "Domain\Domain.csproj", "{A2119AA3-4EA0-4A28-9BFF-CEEF83798DE4}"
EndProject
Project("{9A19103F-16F7-4668-BE54-9A1E7A4F7556}") = "Application", "Application\Application.csproj", "{CDA0DF82-EC93-4F9E-97A2-9BBDC80256C9}"
EndProject
Project("{9A19103F-16F7-4668-BE54-9A1E7A4F7556}") = "WebApi", "WebApi\WebApi.csproj", "{A082B73D-7C77-46CD-A33E-1B5FCB2DEA26}"
EndProject
Project("{9A19103F-16F7-4668-BE54-9A1E7A4F7556}") = "BackgroundJob", "BackgroundJob\BackgroundJob.csproj", "{C3CC547D-6C09-4975-88AA-EB28BF4ED1AB}"
EndProject
Project("{9A19103F-16F7-4668-BE54-9A1E7A4F7556}") = "Cache", "Cache\Cache.csproj", "{5CF6528F-4076-403C-8F7F-D88163472E90}"
EndProject
Project("{9A19103F-16F7-4668-BE54-9A1E7A4F7556}") = "Mail", "Mail\Mail.csproj", "{2BEA851B-E1A1-4E17-841A-85BCF1CD349B}"
EndProject
Project("{9A19103F-16F7-4668-BE54-9A1E7A4F7556}") = "ExternalFile", "ExternalFile\ExternalFile.csproj", "{AE4EB812-CF73-4BE6-86C4-85270E16E26C}"
EndProject
Project("{2150E333-8FDC-42A3-9474-1A3956D46DE8}") = "Common", "Common", "{12AC514E-E60B-4E8B-A059-8F4954976346}"
EndProject
Project("{9A19103F-16F7-4668-BE54-9A1E7A4F7556}") = "Configuration", "Configuration\Configuration.csproj", "{2766AAA2-2583-474A-A37B-8B89C00FFB96}"
EndProject
Project("{FAE04EC0-301F-11D3-BF4B-00C04F79EFBC}") = "AuthenticationHandler", "AuthenticationHandler\AuthenticationHandler.csproj", "{C1CA23A5-8370-437F-B528-84E420F57EBC}"
EndProject
Global
	GlobalSection(SolutionConfigurationPlatforms) = preSolution
		Debug|Any CPU = Debug|Any CPU
		Release|Any CPU = Release|Any CPU
	EndGlobalSection
	GlobalSection(ProjectConfigurationPlatforms) = postSolution
		{16B77BD9-2B16-4BCF-B244-87C7AF51ED8A}.Debug|Any CPU.ActiveCfg = Debug|Any CPU
		{16B77BD9-2B16-4BCF-B244-87C7AF51ED8A}.Debug|Any CPU.Build.0 = Debug|Any CPU
		{16B77BD9-2B16-4BCF-B244-87C7AF51ED8A}.Release|Any CPU.ActiveCfg = Release|Any CPU
		{16B77BD9-2B16-4BCF-B244-87C7AF51ED8A}.Release|Any CPU.Build.0 = Release|Any CPU
		{A2119AA3-4EA0-4A28-9BFF-CEEF83798DE4}.Debug|Any CPU.ActiveCfg = Debug|Any CPU
		{A2119AA3-4EA0-4A28-9BFF-CEEF83798DE4}.Debug|Any CPU.Build.0 = Debug|Any CPU
		{A2119AA3-4EA0-4A28-9BFF-CEEF83798DE4}.Release|Any CPU.ActiveCfg = Release|Any CPU
		{A2119AA3-4EA0-4A28-9BFF-CEEF83798DE4}.Release|Any CPU.Build.0 = Release|Any CPU
		{CDA0DF82-EC93-4F9E-97A2-9BBDC80256C9}.Debug|Any CPU.ActiveCfg = Debug|Any CPU
		{CDA0DF82-EC93-4F9E-97A2-9BBDC80256C9}.Debug|Any CPU.Build.0 = Debug|Any CPU
		{CDA0DF82-EC93-4F9E-97A2-9BBDC80256C9}.Release|Any CPU.ActiveCfg = Release|Any CPU
		{CDA0DF82-EC93-4F9E-97A2-9BBDC80256C9}.Release|Any CPU.Build.0 = Release|Any CPU
		{A082B73D-7C77-46CD-A33E-1B5FCB2DEA26}.Debug|Any CPU.ActiveCfg = Debug|Any CPU
		{A082B73D-7C77-46CD-A33E-1B5FCB2DEA26}.Debug|Any CPU.Build.0 = Debug|Any CPU
		{A082B73D-7C77-46CD-A33E-1B5FCB2DEA26}.Release|Any CPU.ActiveCfg = Release|Any CPU
		{A082B73D-7C77-46CD-A33E-1B5FCB2DEA26}.Release|Any CPU.Build.0 = Release|Any CPU
		{C3CC547D-6C09-4975-88AA-EB28BF4ED1AB}.Debug|Any CPU.ActiveCfg = Debug|Any CPU
		{C3CC547D-6C09-4975-88AA-EB28BF4ED1AB}.Debug|Any CPU.Build.0 = Debug|Any CPU
		{C3CC547D-6C09-4975-88AA-EB28BF4ED1AB}.Release|Any CPU.ActiveCfg = Release|Any CPU
		{C3CC547D-6C09-4975-88AA-EB28BF4ED1AB}.Release|Any CPU.Build.0 = Release|Any CPU
		{5CF6528F-4076-403C-8F7F-D88163472E90}.Debug|Any CPU.ActiveCfg = Debug|Any CPU
		{5CF6528F-4076-403C-8F7F-D88163472E90}.Debug|Any CPU.Build.0 = Debug|Any CPU
		{5CF6528F-4076-403C-8F7F-D88163472E90}.Release|Any CPU.ActiveCfg = Release|Any CPU
		{5CF6528F-4076-403C-8F7F-D88163472E90}.Release|Any CPU.Build.0 = Release|Any CPU
		{2BEA851B-E1A1-4E17-841A-85BCF1CD349B}.Debug|Any CPU.ActiveCfg = Debug|Any CPU
		{2BEA851B-E1A1-4E17-841A-85BCF1CD349B}.Debug|Any CPU.Build.0 = Debug|Any CPU
		{2BEA851B-E1A1-4E17-841A-85BCF1CD349B}.Release|Any CPU.ActiveCfg = Release|Any CPU
		{2BEA851B-E1A1-4E17-841A-85BCF1CD349B}.Release|Any CPU.Build.0 = Release|Any CPU
		{AE4EB812-CF73-4BE6-86C4-85270E16E26C}.Debug|Any CPU.ActiveCfg = Debug|Any CPU
		{AE4EB812-CF73-4BE6-86C4-85270E16E26C}.Debug|Any CPU.Build.0 = Debug|Any CPU
		{AE4EB812-CF73-4BE6-86C4-85270E16E26C}.Release|Any CPU.ActiveCfg = Release|Any CPU
		{AE4EB812-CF73-4BE6-86C4-85270E16E26C}.Release|Any CPU.Build.0 = Release|Any CPU
		{2766AAA2-2583-474A-A37B-8B89C00FFB96}.Debug|Any CPU.ActiveCfg = Debug|Any CPU
		{2766AAA2-2583-474A-A37B-8B89C00FFB96}.Debug|Any CPU.Build.0 = Debug|Any CPU
		{2766AAA2-2583-474A-A37B-8B89C00FFB96}.Release|Any CPU.ActiveCfg = Release|Any CPU
		{2766AAA2-2583-474A-A37B-8B89C00FFB96}.Release|Any CPU.Build.0 = Release|Any CPU
		{C1CA23A5-8370-437F-B528-84E420F57EBC}.Debug|Any CPU.ActiveCfg = Debug|Any CPU
		{C1CA23A5-8370-437F-B528-84E420F57EBC}.Debug|Any CPU.Build.0 = Debug|Any CPU
		{C1CA23A5-8370-437F-B528-84E420F57EBC}.Release|Any CPU.ActiveCfg = Release|Any CPU
		{C1CA23A5-8370-437F-B528-84E420F57EBC}.Release|Any CPU.Build.0 = Release|Any CPU
	EndGlobalSection
	GlobalSection(SolutionProperties) = preSolution
		HideSolutionNode = FALSE
	EndGlobalSection
	GlobalSection(NestedProjects) = preSolution
		{D0137497-4B8E-4642-BAB5-AAC6F1398760} = {BB9106F2-EB65-44DC-B425-39245C1F8118}
		{6D7DCF6C-FD32-4977-9F55-0C69FAF9BA4A} = {BB9106F2-EB65-44DC-B425-39245C1F8118}
		{16B77BD9-2B16-4BCF-B244-87C7AF51ED8A} = {6D7DCF6C-FD32-4977-9F55-0C69FAF9BA4A}
		{A2119AA3-4EA0-4A28-9BFF-CEEF83798DE4} = {606C84EC-86DB-459D-B431-32BC13966E9B}
		{CDA0DF82-EC93-4F9E-97A2-9BBDC80256C9} = {606C84EC-86DB-459D-B431-32BC13966E9B}
		{A082B73D-7C77-46CD-A33E-1B5FCB2DEA26} = {D0137497-4B8E-4642-BAB5-AAC6F1398760}
		{C3CC547D-6C09-4975-88AA-EB28BF4ED1AB} = {6D7DCF6C-FD32-4977-9F55-0C69FAF9BA4A}
		{5CF6528F-4076-403C-8F7F-D88163472E90} = {6D7DCF6C-FD32-4977-9F55-0C69FAF9BA4A}
		{2BEA851B-E1A1-4E17-841A-85BCF1CD349B} = {6D7DCF6C-FD32-4977-9F55-0C69FAF9BA4A}
		{AE4EB812-CF73-4BE6-86C4-85270E16E26C} = {6D7DCF6C-FD32-4977-9F55-0C69FAF9BA4A}
		{12AC514E-E60B-4E8B-A059-8F4954976346} = {BB9106F2-EB65-44DC-B425-39245C1F8118}
		{2766AAA2-2583-474A-A37B-8B89C00FFB96} = {12AC514E-E60B-4E8B-A059-8F4954976346}
		{C1CA23A5-8370-437F-B528-84E420F57EBC} = {6D7DCF6C-FD32-4977-9F55-0C69FAF9BA4A}
	EndGlobalSection
	GlobalSection(ExtensibilityGlobals) = postSolution
		SolutionGuid = {45C1A569-3684-4795-9C75-B11CDE8C256F}
	EndGlobalSection
EndGlobal